{
  "name": "ipc-cache",
  "version": "1.0.0",
  "lockfileVersion": 1,
  "requires": true,
  "dependencies": {
    "ipc-network": {
      "version": "1.0.5",
      "resolved": "https://registry.npmjs.org/ipc-network/-/ipc-network-1.0.5.tgz",
      "integrity": "sha512-4HfaDiNn4ADwfxX3X6UwPnNRvIfco5QO70afNjsDLrJbRZzgVWjmOoja+qViYhlJn8Moyd8DXv4PBHcIVacM5Q==",
      "requires": {
        "nanoid": "^2.0.1",
        "unix-dgram-socket": "^1.0.9"
      }
    },
    "nan": {
      "version": "2.13.1",
      "resolved": "https://registry.npmjs.org/nan/-/nan-2.13.1.tgz",
      "integrity": "sha512-I6YB/YEuDeUZMmhscXKxGgZlFnhsn5y0hgOZBadkzfTRrZBtJDZeg6eQf7PYMIEclwmorTKK8GztsyOUSVBREA=="
    },
    "nanoid": {
      "version": "2.0.1",
      "resolved": "https://registry.npmjs.org/nanoid/-/nanoid-2.0.1.tgz",
      "integrity": "sha512-k1u2uemjIGsn25zmujKnotgniC/gxQ9sdegdezeDiKdkDW56THUMqlz3urndKCXJxA6yPzSZbXx/QCMe/pxqsA=="
    },
    "unix-dgram-socket": {
      "version": "1.0.9",
      "resolved": "https://registry.npmjs.org/unix-dgram-socket/-/unix-dgram-socket-1.0.9.tgz",
      "integrity": "sha512-S25QjoUtDjWHPu+aW58WkJBMvYi/9VFXVgZbksA+KFOmRP4KZQOLUO5AX9bTtdf3oFJXAoZoZh44BgfSxQ7vlA==",
      "requires": {
        "nan": "^2.12.1"
      }
    }
  }
}
